
Microsoft Visual Studio Solution File, Format Version 11.00
# Visual Studio 2010
Project("{8BC9CEB8-8B4A-11D0-8D11-00A0C91BC942}") = "MachineLearning_1", "MachineLearning_1\MachineLearning_1.vcxproj", "{1D23EE25-F1AA-4418-BFDD-46D475D21CEE}"
EndProject
Global
	GlobalSection(SolutionConfigurationPlatforms) = preSolution
		Debug|Win32 = Debug|Win32
		Release|Win32 = Release|Win32
	EndGlobalSection
	GlobalSection(ProjectConfigurationPlatforms) = postSolution
		{1D23EE25-F1AA-4418-BFDD-46D475D21CEE}.Debug|Win32.ActiveCfg = Debug|Win32
		{1D23EE25-F1AA-4418-BFDD-46D475D21CEE}.Debug|Win32.Build.0 = Debug|Win32
		{1D23EE25-F1AA-4418-BFDD-46D475D21CEE}.Release|Win32.ActiveCfg = Release|Win32
		{1D23EE25-F1AA-4418-BFDD-46D475D21CEE}.Release|Win32.Build.0 = Release|Win32
	EndGlobalSection
	GlobalSection(SolutionProperties) = preSolution
		HideSolutionNode = FALSE
	EndGlobalSection
EndGlobal
